// !$*UTF8*$!
{
	archiveVersion = 1;
	classes = {
	};
	objectVersion = 46;
	objects = {

/* Begin PBXBuildFile section */
		CE8147F01AAFD30100B32031 /* AppDelegate.swift in Sources */ = {isa = PBXBuildFile; fileRef = CE8147EF1AAFD30100B32031 /* AppDelegate.swift */; };
		CE8147F21AAFD30100B32031 /* FirstViewController.swift in Sources */ = {isa = PBXBuildFile; fileRef = CE8147F11AAFD30100B32031 /* FirstViewController.swift */; };
		CE8147F41AAFD30100B32031 /* SecondViewController.swift in Sources */ = {isa = PBXBuildFile; fileRef = CE8147F31AAFD30100B32031 /* SecondViewController.swift */; };
		CE8147F71AAFD30100B32031 /* Main.storyboard in Resources */ = {isa = PBXBuildFile; fileRef = CE8147F51AAFD30100B32031 /* Main.storyboard */; };
		CE8147F91AAFD30200B32031 /* Images.xcassets in Resources */ = {isa = PBXBuildFile; fileRef = CE8147F81AAFD30200B32031 /* Images.xcassets */; };
		CE8147FC1AAFD30200B32031 /* LaunchScreen.xib in Resources */ = {isa = PBXBuildFile; fileRef = CE8147FA1AAFD30200B32031 /* LaunchScreen.xib */; };
		CE8148081AAFD30200B32031 /* todolistTests.swift in Sources */ = {isa = PBXBuildFile; fileRef = CE8148071AAFD30200B32031 /* todolistTests.swift */; };
/* End PBXBuildFile section */

/* Begin PBXContainerItemProxy section */
		CE8148021AAFD30200B32031 /* PBXContainerItemProxy */ = {
			isa = PBXContainerItemProxy;
			containerPortal = CE8147E21AAFD30100B32031 /* Project object */;
			proxyType = 1;
			remoteGlobalIDString = CE8147E91AAFD30100B32031;
			remoteInfo = todolist;
		};
/* End PBXContainerItemProxy section */

/* Begin PBXFileReference section */
		CE8147EA1AAFD30100B32031 /* todolist.app */ = {isa = PBXFileReference; explicitFileType = wrapper.application; includeInIndex = 0; path = todolist.app; sourceTree = BUILT_PRODUCTS_DIR; };
		CE8147EE1AAFD30100B32031 /* Info.plist */ = {isa = PBXFileReference; lastKnownFileType = text.plist.xml; path = Info.plist; sourceTree = "<group>"; };
		CE8147EF1AAFD30100B32031 /* AppDelegate.swift */ = {isa = PBXFileReference; lastKnownFileType = sourcecode.swift; path = AppDelegate.swift; sourceTree = "<group>"; };
		CE8147F11AAFD30100B32031 /* FirstViewController.swift */ = {isa = PBXFileReference; lastKnownFileType = sourcecode.swift; path = FirstViewController.swift; sourceTree = "<group>"; };
		CE8147F31AAFD30100B32031 /* SecondViewController.swift */ = {isa = PBXFileReference; lastKnownFileType = sourcecode.swift; path = SecondViewController.swift; sourceTree = "<group>"; };
		CE8147F61AAFD30100B32031 /* Base */ = {isa = PBXFileReference; lastKnownFileType = file.storyboard; name = Base; path = Base.lproj/Main.storyboard; sourceTree = "<group>"; };
		CE8147F81AAFD30200B32031 /* Images.xcassets */ = {isa = PBXFileReference; lastKnownFileType = folder.assetcatalog; path = Images.xcassets; sourceTree = "<group>"; };
		CE8147FB1AAFD30200B32031 /* Base */ = {isa = PBXFileReference; lastKnownFileType = file.xib; name = Base; path = Base.lproj/LaunchScreen.xib; sourceTree = "<group>"; };
		CE8148011AAFD30200B32031 /* todolistTests.xctest */ = {isa = PBXFileReference; explicitFileType = wrapper.cfbundle; includeInIndex = 0; path = todolistTests.xctest; sourceTree = BUILT_PRODUCTS_DIR; };
		CE8148061AAFD30200B32031 /* Info.plist */ = {isa = PBXFileReference; lastKnownFileType = text.plist.xml; path = Info.plist; sourceTree = "<group>"; };
		CE8148071AAFD30200B32031 /* todolistTests.swift */ = {isa = PBXFileReference; lastKnownFileType = sourcecode.swift; path = todolistTests.swift; sourceTree = "<group>"; };
/* End PBXFileReference section */

/* Begin PBXFrameworksBuildPhase section */
		CE8147E71AAFD30100B32031 /* Frameworks */ = {
			isa = PBXFrameworksBuildPhase;
			buildActionMask = 2147483647;
			files = (
			);
			runOnlyForDeploymentPostprocessing = 0;
		};
		CE8147FE1AAFD30200B32031 /* Frameworks */ = {
			isa = PBXFrameworksBuildPhase;
			buildActionMask = 2147483647;
			files = (
			);
			runOnlyForDeploymentPostprocessing = 0;
		};
/* End PBXFrameworksBuildPhase section */

/* Begin PBXGroup section */
		CE8147E11AAFD30100B32031 = {
			isa = PBXGroup;
			children = (
				CE8147EC1AAFD30100B32031 /* todolist */,
				CE8148041AAFD30200B32031 /* todolistTests */,
				CE8147EB1AAFD30100B32031 /* Products */,
			);
			sourceTree = "<group>";
		};
		CE8147EB1AAFD30100B32031 /* Products */ = {
			isa = PBXGroup;
			children = (
				CE8147EA1AAFD30100B32031 /* todolist.app */,
				CE8148011AAFD30200B32031 /* todolistTests.xctest */,
			);
			name = Products;
			sourceTree = "<group>";
		};
		CE8147EC1AAFD30100B32031 /* todolist */ = {
			isa = PBXGroup;
			children = (
				CE8147EF1AAFD30100B32031 /* AppDelegate.swift */,
				CE8147F11AAFD30100B32031 /* FirstViewController.swift */,
				CE8147F31AAFD30100B32031 /* SecondViewController.swift */,
				CE8147F51AAFD30100B32031 /* Main.storyboard */,
				CE8147F81AAFD30200B32031 /* Images.xcassets */,
				CE8147FA1AAFD30200B32031 /* LaunchScreen.xib */,
				CE8147ED1AAFD30100B32031 /* Supporting Files */,
			);
			path = todolist;
			sourceTree = "<group>";
		};
		CE8147ED1AAFD30100B32031 /* Supporting Files */ = {
			isa = PBXGroup;
			children = (
				CE8147EE1AAFD30100B32031 /* Info.plist */,
			);
			name = "Supporting Files";
			sourceTree = "<group>";
		};
		CE8148041AAFD30200B32031 /* todolistTests */ = {
			isa = PBXGroup;
			children = (
				CE8148071AAFD30200B32031 /* todolistTests.swift */,
				CE8148051AAFD30200B32031 /* Supporting Files */,
			);
			path = todolistTests;
			sourceTree = "<group>";
		};
		CE8148051AAFD30200B32031 /* Supporting Files */ = {
			isa = PBXGroup;
			children = (
				CE8148061AAFD30200B32031 /* Info.plist */,
			);
			name = "Supporting Files";
			sourceTree = "<group>";
		};
/* End PBXGroup section */

/* Begin PBXNativeTarget section */
		CE8147E91AAFD30100B32031 /* todolist */ = {
			isa = PBXNativeTarget;
			buildConfigurationList = CE81480B1AAFD30200B32031 /* Build configuration list for PBXNativeTarget "todolist" */;
			buildPhases = (
				CE8147E61AAFD30100B32031 /* Sources */,
				CE8147E71AAFD30100B32031 /* Frameworks */,
				CE8147E81AAFD30100B32031 /* Resources */,
			);
			buildRules = (
			);
			dependencies = (
			);
			name = todolist;
			productName = todolist;
			productReference = CE8147EA1AAFD30100B32031 /* todolist.app */;
			productType = "com.apple.product-type.application";
		};
		CE8148001AAFD30200B32031 /* todolistTests */ = {
			isa = PBXNativeTarget;
			buildConfigurationList = CE81480E1AAFD30200B32031 /* Build configuration list for PBXNativeTarget "todolistTests" */;
			buildPhases = (
				CE8147FD1AAFD30200B32031 /* Sources */,
				CE8147FE1AAFD30200B32031 /* Frameworks */,
				CE8147FF1AAFD30200B32031 /* Resources */,
			);
			buildRules = (
			);
			dependencies = (
				CE8148031AAFD30200B32031 /* PBXTargetDependency */,
			);
			name = todolistTests;
			productName = todolistTests;
			productReference = CE8148011AAFD30200B32031 /* todolistTests.xctest */;
			productType = "com.apple.product-type.bundle.unit-test";
		};
/* End PBXNativeTarget section */

/* Begin PBXProject section */
		CE8147E21AAFD30100B32031 /* Project object */ = {
			isa = PBXProject;
			attributes = {
				LastUpgradeCheck = 0610;
				ORGANIZATIONNAME = user;
				TargetAttributes = {
					CE8147E91AAFD30100B32031 = {
						CreatedOnToolsVersion = 6.1.1;
					};
					CE8148001AAFD30200B32031 = {
						CreatedOnToolsVersion = 6.1.1;
						TestTargetID = CE8147E91AAFD30100B32031;
					};
				};
			};
			buildConfigurationList = CE8147E51AAFD30100B32031 /* Build configuration list for PBXProject "todolist" */;
			compatibilityVersion = "Xcode 3.2";
			developmentRegion = English;
			hasScannedForEncodings = 0;
			knownRegions = (
				en,
				Base,
			);
			mainGroup = CE8147E11AAFD30100B32031;
			productRefGroup = CE8147EB1AAFD30100B32031 /* Products */;
			projectDirPath = "";
			projectRoot = "";
			targets = (
				CE8147E91AAFD30100B32031 /* todolist */,
				CE8148001AAFD30200B32031 /* todolistTests */,
			);
		};
/* End PBXProject section */

/* Begin PBXResourcesBuildPhase section */
		CE8147E81AAFD30100B32031 /* Resources */ = {
			isa = PBXResourcesBuildPhase;
			buildActionMask = 2147483647;
			files = (
				CE8147F71AAFD30100B32031 /* Main.storyboard in Resources */,
				CE8147FC1AAFD30200B32031 /* LaunchScreen.xib in Resources */,
				CE8147F91AAFD30200B32031 /* Images.xcassets in Resources */,
			);
			runOnlyForDeploymentPostprocessing = 0;
		};
		CE8147FF1AAFD30200B32031 /* Resources */ = {
			isa = PBXResourcesBuildPhase;
			buildActionMask = 2147483647;
			files = (
			);
			runOnlyForDeploymentPostprocessing = 0;
		};
/* End PBXResourcesBuildPhase section */

/* Begin PBXSourcesBuildPhase section */
		CE8147E61AAFD30100B32031 /* Sources */ = {
			isa = PBXSourcesBuildPhase;
			buildActionMask = 2147483647;
			files = (
				CE8147F41AAFD30100B32031 /* SecondViewController.swift in Sources */,
				CE8147F01AAFD30100B32031 /* AppDelegate.swift in Sources */,
				CE8147F21AAFD30100B32031 /* FirstViewController.swift in Sources */,
			);
			runOnlyForDeploymentPostprocessing = 0;
		};
		CE8147FD1AAFD30200B32031 /* Sources */ = {
			isa = PBXSourcesBuildPhase;
			buildActionMask = 2147483647;
			files = (
				CE8148081AAFD30200B32031 /* todolistTests.swift in Sources */,
			);
			runOnlyForDeploymentPostprocessing = 0;
		};
/* End PBXSourcesBuildPhase section */

/* Begin PBXTargetDependency section */
		CE8148031AAFD30200B32031 /* PBXTargetDependency */ = {
			isa = PBXTargetDependency;
			target = CE8147E91AAFD30100B32031 /* todolist */;
			targetProxy = CE8148021AAFD30200B32031 /* PBXContainerItemProxy */;
		};
/* End PBXTargetDependency section */

/* Begin PBXVariantGroup section */
		CE8147F51AAFD30100B32031 /* Main.storyboard */ = {
			isa = PBXVariantGroup;
			children = (
				CE8147F61AAFD30100B32031 /* Base */,
			);
			name = Main.storyboard;
			sourceTree = "<group>";
		};
		CE8147FA1AAFD30200B32031 /* LaunchScreen.xib */ = {
			isa = PBXVariantGroup;
			children = (
				CE8147FB1AAFD30200B32031 /* Base */,
			);
			name = LaunchScreen.xib;
			sourceTree = "<group>";
		};
/* End PBXVariantGroup section */

/* Begin XCBuildConfiguration section */
		CE8148091AAFD30200B32031 /* Debug */ = {
			isa = XCBuildConfiguration;
			buildSettings = {
				ALWAYS_SEARCH_USER_PATHS = NO;
				CLANG_CXX_LANGUAGE_STANDARD = "gnu++0x";
				CLANG_CXX_LIBRARY = "libc++";
				CLANG_ENABLE_MODULES = YES;
				CLANG_ENABLE_OBJC_ARC = YES;
				CLANG_WARN_BOOL_CONVERSION = YES;
				CLANG_WARN_CONSTANT_CONVERSION = YES;
				CLANG_WARN_DIRECT_OBJC_ISA_USAGE = YES_ERROR;
				CLANG_WARN_EMPTY_BODY = YES;
				CLANG_WARN_ENUM_CONVERSION = YES;
				CLANG_WARN_INT_CONVERSION = YES;
				CLANG_WARN_OBJC_ROOT_CLASS = YES_ERROR;
				CLANG_WARN_UNREACHABLE_CODE = YES;
				CLANG_WARN__DUPLICATE_METHOD_MATCH = YES;
				"CODE_SIGN_IDENTITY[sdk=iphoneos*]" = "iPhone Developer";
				COPY_PHASE_STRIP = NO;
				ENABLE_STRICT_OBJC_MSGSEND = YES;
				GCC_C_LANGUAGE_STANDARD = gnu99;
				GCC_DYNAMIC_NO_PIC = NO;
				GCC_OPTIMIZATION_LEVEL = 0;
				GCC_PREPROCESSOR_DEFINITIONS = (
					"DEBUG=1",
					"$(inherited)",
				);
				GCC_SYMBOLS_PRIVATE_EXTERN = NO;
				GCC_WARN_64_TO_32_BIT_CONVERSION = YES;
				GCC_WARN_ABOUT_RETURN_TYPE = YES_ERROR;
				GCC_WARN_UNDECLARED_SELECTOR = YES;
				GCC_WARN_UNINITIALIZED_AUTOS = YES_AGGRESSIVE;
				GCC_WARN_UNUSED_FUNCTION = YES;
				GCC_WARN_UNUSED_VARIABLE = YES;
				IPHONEOS_DEPLOYMENT_TARGET = 8.1;
				MTL_ENABLE_DEBUG_INFO = YES;
				ONLY_ACTIVE_ARCH = YES;
				SDKROOT = iphoneos;
				SWIFT_OPTIMIZATION_LEVEL = "-Onone";
			};
			name = Debug;
		};
		CE81480A1AAFD30200B32031 /* Release */ = {
			isa = XCBuildConfiguration;
			buildSettings = {
				ALWAYS_SEARCH_USER_PATHS = NO;
				CLANG_CXX_LANGUAGE_STANDARD = "gnu++0x";
				CLANG_CXX_LIBRARY = "libc++";
				CLANG_ENABLE_MODULES = YES;
				CLANG_ENABLE_OBJC_ARC = YES;
				CLANG_WARN_BOOL_CONVERSION = YES;
				CLANG_WARN_CONSTANT_CONVERSION = YES;
				CLANG_WARN_DIRECT_OBJC_ISA_USAGE = YES_ERROR;
				CLANG_WARN_EMPTY_BODY = YES;
				CLANG_WARN_ENUM_CONVERSION = YES;
				CLANG_WARN_INT_CONVERSION = YES;
				CLANG_WARN_OBJC_ROOT_CLASS = YES_ERROR;
				CLANG_WARN_UNREACHABLE_CODE = YES;
				CLANG_WARN__DUPLICATE_METHOD_MATCH = YES;
				"CODE_SIGN_IDENTITY[sdk=iphoneos*]" = "iPhone Developer";
				COPY_PHASE_STRIP = YES;
				ENABLE_NS_ASSERTIONS = NO;
				ENABLE_STRICT_OBJC_MSGSEND = YES;
				GCC_C_LANGUAGE_STANDARD = gnu99;
				GCC_WARN_64_TO_32_BIT_CONVERSION = YES;
				GCC_WARN_ABOUT_RETURN_TYPE = YES_ERROR;
				GCC_WARN_UNDECLARED_SELECTOR = YES;
				GCC_WARN_UNINITIALIZED_AUTOS = YES_AGGRESSIVE;
				GCC_WARN_UNUSED_FUNCTION = YES;
				GCC_WARN_UNUSED_VARIABLE = YES;
				IPHONEOS_DEPLOYMENT_TARGET = 8.1;
				MTL_ENABLE_DEBUG_INFO = NO;
				SDKROOT = iphoneos;
				VALIDATE_PRODUCT = YES;
			};
			name = Release;
		};
		CE81480C1AAFD30200B32031 /* Debug */ = {
			isa = XCBuildConfiguration;
			buildSettings = {
				ASSETCATALOG_COMPILER_APPICON_NAME = AppIcon;
				INFOPLIST_FILE = todolist/Info.plist;
				LD_RUNPATH_SEARCH_PATHS = "$(inherited) @executable_path/Frameworks";
				PRODUCT_NAME = "$(TARGET_NAME)";
			};
			name = Debug;
		};
		CE81480D1AAFD30200B32031 /* Release */ = {
			isa = XCBuildConfiguration;
			buildSettings = {
				ASSETCATALOG_COMPILER_APPICON_NAME = AppIcon;
				INFOPLIST_FILE = todolist/Info.plist;
				LD_RUNPATH_SEARCH_PATHS = "$(inherited) @executable_path/Frameworks";
				PRODUCT_NAME = "$(TARGET_NAME)";
			};
			name = Release;
		};
		CE81480F1AAFD30200B32031 /* Debug */ = {
			isa = XCBuildConfiguration;
			buildSettings = {
				BUNDLE_LOADER = "$(TEST_HOST)";
				FRAMEWORK_SEARCH_PATHS = (
					"$(SDKROOT)/Developer/Library/Frameworks",
					"$(inherited)",
				);
				GCC_PREPROCESSOR_DEFINITIONS = (
					"DEBUG=1",
					"$(inherited)",
				);
				INFOPLIST_FILE = todolistTests/Info.plist;
				LD_RUNPATH_SEARCH_PATHS = "$(inherited) @executable_path/Frameworks @loader_path/Frameworks";
				PRODUCT_NAME = "$(TARGET_NAME)";
				TEST_HOST = "$(BUILT_PRODUCTS_DIR)/todolist.app/todolist";
			};
			name = Debug;
		};
		CE8148101AAFD30200B32031 /* Release */ = {
			isa = XCBuildConfiguration;
			buildSettings = {
				BUNDLE_LOADER = "$(TEST_HOST)";
				FRAMEWORK_SEARCH_PATHS = (
					"$(SDKROOT)/Developer/Library/Frameworks",
					"$(inherited)",
				);
				INFOPLIST_FILE = todolistTests/Info.plist;
				LD_RUNPATH_SEARCH_PATHS = "$(inherited) @executable_path/Frameworks @loader_path/Frameworks";
				PRODUCT_NAME = "$(TARGET_NAME)";
				TEST_HOST = "$(BUILT_PRODUCTS_DIR)/todolist.app/todolist";
			};
			name = Release;
		};
/* End XCBuildConfiguration section */

/* Begin XCConfigurationList section */
		CE8147E51AAFD30100B32031 /* Build configuration list for PBXProject "todolist" */ = {
			isa = XCConfigurationList;
			buildConfigurations = (
				CE8148091AAFD30200B32031 /* Debug */,
				CE81480A1AAFD30200B32031 /* Release */,
			);
			defaultConfigurationIsVisible = 0;
			defaultConfigurationName = Release;
		};
		CE81480B1AAFD30200B32031 /* Build configuration list for PBXNativeTarget "todolist" */ = {
			isa = XCConfigurationList;
			buildConfigurations = (
				CE81480C1AAFD30200B32031 /* Debug */,
				CE81480D1AAFD30200B32031 /* Release */,
			);
			defaultConfigurationIsVisible = 0;
		};
		CE81480E1AAFD30200B32031 /* Build configuration list for PBXNativeTarget "todolistTests" */ = {
			isa = XCConfigurationList;
			buildConfigurations = (
				CE81480F1AAFD30200B32031 /* Debug */,
				CE8148101AAFD30200B32031 /* Release */,
			);
			defaultConfigurationIsVisible = 0;
		};
/* End XCConfigurationList section */
	};
	rootObject = CE8147E21AAFD30100B32031 /* Project object */;
}
